// !$*UTF8*$!
{
	archiveVersion = 1;
	classes = {
	};
	objectVersion = 48;
	objects = {

/* Begin PBXBuildFile section */
		D14DC47B202CBA2200244B9E /* MyScheduleViewController.swift in Sources */ = {isa = PBXBuildFile; fileRef = D14DC47A202CBA2200244B9E /* MyScheduleViewController.swift */; };
		D16B57E020245145007C0B16 /* LectorsHeader.swift in Sources */ = {isa = PBXBuildFile; fileRef = D16B57DF20245145007C0B16 /* LectorsHeader.swift */; };
		D16B57E22029BB6C007C0B16 /* LectorsViewController.swift in Sources */ = {isa = PBXBuildFile; fileRef = D16B57E12029BB6C007C0B16 /* LectorsViewController.swift */; };
		D16B57E4202AEF76007C0B16 /* Constants.swift in Sources */ = {isa = PBXBuildFile; fileRef = D16B57E3202AEF76007C0B16 /* Constants.swift */; };
		D19E1F6D2035951F00260AED /* Utils.swift in Sources */ = {isa = PBXBuildFile; fileRef = D19E1F6C2035951F00260AED /* Utils.swift */; };
		D19E1F902036E55900260AED /* OmGTUUITests.swift in Sources */ = {isa = PBXBuildFile; fileRef = D1DDF3AE2018604200E27D33 /* OmGTUUITests.swift */; };
		D19E1F9C2036E56800260AED /* OmGTUUITests.swift in Sources */ = {isa = PBXBuildFile; fileRef = D1DDF3AE2018604200E27D33 /* OmGTUUITests.swift */; };
		D1BF7C07201F2ADD004799EA /* Day.swift in Sources */ = {isa = PBXBuildFile; fileRef = D1BF7C06201F2ADD004799EA /* Day.swift */; };
		D1BF7C0F20202E72004799EA /* GroupsHeader.swift in Sources */ = {isa = PBXBuildFile; fileRef = D1BF7C0E20202E72004799EA /* GroupsHeader.swift */; };
		D1BF7C13202044BB004799EA /* TableHeaderView+AutoLayout.swift in Sources */ = {isa = PBXBuildFile; fileRef = D1BF7C12202044BB004799EA /* TableHeaderView+AutoLayout.swift */; };
		D1BF7C1520207232004799EA /* LectureTableViewCell.swift in Sources */ = {isa = PBXBuildFile; fileRef = D1BF7C1420207232004799EA /* LectureTableViewCell.swift */; };
		D1BF7C382020DBC4004799EA /* FSCalendarCollectionView.m in Sources */ = {isa = PBXBuildFile; fileRef = D1BF7C172020DBC3004799EA /* FSCalendarCollectionView.m */; };
		D1BF7C392020DBC4004799EA /* FSCalendarDelegationProxy.m in Sources */ = {isa = PBXBuildFile; fileRef = D1BF7C1B2020DBC3004799EA /* FSCalendarDelegationProxy.m */; };
		D1BF7C3A2020DBC4004799EA /* FSCalendarDelegationFactory.m in Sources */ = {isa = PBXBuildFile; fileRef = D1BF7C1D2020DBC3004799EA /* FSCalendarDelegationFactory.m */; };
		D1BF7C3B2020DBC4004799EA /* FSCalendarCell.m in Sources */ = {isa = PBXBuildFile; fileRef = D1BF7C232020DBC3004799EA /* FSCalendarCell.m */; };
		D1BF7C3C2020DBC4004799EA /* FSCalendarStickyHeader.m in Sources */ = {isa = PBXBuildFile; fileRef = D1BF7C242020DBC3004799EA /* FSCalendarStickyHeader.m */; };
		D1BF7C3D2020DBC4004799EA /* FSCalendar.m in Sources */ = {isa = PBXBuildFile; fileRef = D1BF7C252020DBC3004799EA /* FSCalendar.m */; };
		D1BF7C3E2020DBC4004799EA /* FSCalendarCollectionViewLayout.m in Sources */ = {isa = PBXBuildFile; fileRef = D1BF7C262020DBC3004799EA /* FSCalendarCollectionViewLayout.m */; };
		D1BF7C3F2020DBC4004799EA /* FSCalendarScopeHandle.m in Sources */ = {isa = PBXBuildFile; fileRef = D1BF7C272020DBC3004799EA /* FSCalendarScopeHandle.m */; };
		D1BF7C402020DBC4004799EA /* FSCalendarWeekdayView.m in Sources */ = {isa = PBXBuildFile; fileRef = D1BF7C282020DBC3004799EA /* FSCalendarWeekdayView.m */; };
		D1BF7C412020DBC4004799EA /* FSCalendarExtensions.m in Sources */ = {isa = PBXBuildFile; fileRef = D1BF7C2C2020DBC3004799EA /* FSCalendarExtensions.m */; };
		D1BF7C422020DBC4004799EA /* FSCalendar+Deprecated.m in Sources */ = {isa = PBXBuildFile; fileRef = D1BF7C2E2020DBC3004799EA /* FSCalendar+Deprecated.m */; };
		D1BF7C432020DBC4004799EA /* FSCalendarConstants.m in Sources */ = {isa = PBXBuildFile; fileRef = D1BF7C2F2020DBC3004799EA /* FSCalendarConstants.m */; };
		D1BF7C442020DBC4004799EA /* FSCalendarCalculator.m in Sources */ = {isa = PBXBuildFile; fileRef = D1BF7C302020DBC3004799EA /* FSCalendarCalculator.m */; };
		D1BF7C452020DBC4004799EA /* FSCalendarHeaderView.m in Sources */ = {isa = PBXBuildFile; fileRef = D1BF7C312020DBC3004799EA /* FSCalendarHeaderView.m */; };
		D1BF7C462020DBC4004799EA /* FSCalendarTransitionCoordinator.m in Sources */ = {isa = PBXBuildFile; fileRef = D1BF7C352020DBC3004799EA /* FSCalendarTransitionCoordinator.m */; };
		D1BF7C472020DBC4004799EA /* Info.plist in Resources */ = {isa = PBXBuildFile; fileRef = D1BF7C362020DBC3004799EA /* Info.plist */; };
		D1BF7C482020DBC4004799EA /* FSCalendarAppearance.m in Sources */ = {isa = PBXBuildFile; fileRef = D1BF7C372020DBC3004799EA /* FSCalendarAppearance.m */; };
		D1BF7C4B2020DC61004799EA /* CalendarViewController.swift in Sources */ = {isa = PBXBuildFile; fileRef = D1BF7C4A2020DC61004799EA /* CalendarViewController.swift */; };
		D1DDF38C2018604200E27D33 /* AppDelegate.swift in Sources */ = {isa = PBXBuildFile; fileRef = D1DDF38B2018604200E27D33 /* AppDelegate.swift */; };
		D1DDF38E2018604200E27D33 /* MenuViewController.swift in Sources */ = {isa = PBXBuildFile; fileRef = D1DDF38D2018604200E27D33 /* MenuViewController.swift */; };
		D1DDF3912018604200E27D33 /* Main.storyboard in Resources */ = {isa = PBXBuildFile; fileRef = D1DDF38F2018604200E27D33 /* Main.storyboard */; };
		D1DDF3942018604200E27D33 /* OmGTU.xcdatamodeld in Sources */ = {isa = PBXBuildFile; fileRef = D1DDF3922018604200E27D33 /* OmGTU.xcdatamodeld */; };
		D1DDF3962018604200E27D33 /* Assets.xcassets in Resources */ = {isa = PBXBuildFile; fileRef = D1DDF3952018604200E27D33 /* Assets.xcassets */; };
		D1DDF3992018604200E27D33 /* LaunchScreen.storyboard in Resources */ = {isa = PBXBuildFile; fileRef = D1DDF3972018604200E27D33 /* LaunchScreen.storyboard */; };
		D1DDF3A42018604200E27D33 /* OmGTUTests.swift in Sources */ = {isa = PBXBuildFile; fileRef = D1DDF3A32018604200E27D33 /* OmGTUTests.swift */; };
		D1DDF3AF2018604200E27D33 /* OmGTUUITests.swift in Sources */ = {isa = PBXBuildFile; fileRef = D1DDF3AE2018604200E27D33 /* OmGTUUITests.swift */; };
		D1DDF3BE201860CF00E27D33 /* RequestsEngine.swift in Sources */ = {isa = PBXBuildFile; fileRef = D1DDF3BC201860CE00E27D33 /* RequestsEngine.swift */; };
		D1DDF3BF201860CF00E27D33 /* GroupsViewController.swift in Sources */ = {isa = PBXBuildFile; fileRef = D1DDF3BD201860CF00E27D33 /* GroupsViewController.swift */; };
		D1F060832032AFCC00E24107 /* EditNoteViewController.swift in Sources */ = {isa = PBXBuildFile; fileRef = D1F060822032AFCC00E24107 /* EditNoteViewController.swift */; };
		EE53BF512031901600537646 /* MyNotesViewController.swift in Sources */ = {isa = PBXBuildFile; fileRef = EE53BF502031901600537646 /* MyNotesViewController.swift */; };
		EE53BF53203193EB00537646 /* NoteTableViewCell.swift in Sources */ = {isa = PBXBuildFile; fileRef = EE53BF52203193EA00537646 /* NoteTableViewCell.swift */; };
/* End PBXBuildFile section */

/* Begin PBXContainerItemProxy section */
		D19E1F8E2036E55900260AED /* PBXContainerItemProxy */ = {
			isa = PBXContainerItemProxy;
			containerPortal = D1DDF3802018604200E27D33 /* Project object */;
			proxyType = 1;
			remoteGlobalIDString = D1DDF3872018604200E27D33;
			remoteInfo = OmGTU;
		};
		D19E1F9A2036E56800260AED /* PBXContainerItemProxy */ = {
			isa = PBXContainerItemProxy;
			containerPortal = D1DDF3802018604200E27D33 /* Project object */;
			proxyType = 1;
			remoteGlobalIDString = D1DDF3872018604200E27D33;
			remoteInfo = OmGTU;
		};
		D1DDF3A02018604200E27D33 /* PBXContainerItemProxy */ = {
			isa = PBXContainerItemProxy;
			containerPortal = D1DDF3802018604200E27D33 /* Project object */;
			proxyType = 1;
			remoteGlobalIDString = D1DDF3872018604200E27D33;
			remoteInfo = OmGTU;
		};
		D1DDF3AB2018604200E27D33 /* PBXContainerItemProxy */ = {
			isa = PBXContainerItemProxy;
			containerPortal = D1DDF3802018604200E27D33 /* Project object */;
			proxyType = 1;
			remoteGlobalIDString = D1DDF3872018604200E27D33;
			remoteInfo = OmGTU;
		};
/* End PBXContainerItemProxy section */

/* Begin PBXFileReference section */
		D14DC47A202CBA2200244B9E /* MyScheduleViewController.swift */ = {isa = PBXFileReference; fileEncoding = 4; lastKnownFileType = sourcecode.swift; path = MyScheduleViewController.swift; sourceTree = "<group>"; };
		D16B57DF20245145007C0B16 /* LectorsHeader.swift */ = {isa = PBXFileReference; fileEncoding = 4; lastKnownFileType = sourcecode.swift; path = LectorsHeader.swift; sourceTree = "<group>"; };
		D16B57E12029BB6C007C0B16 /* LectorsViewController.swift */ = {isa = PBXFileReference; fileEncoding = 4; lastKnownFileType = sourcecode.swift; path = LectorsViewController.swift; sourceTree = "<group>"; };
		D16B57E3202AEF76007C0B16 /* Constants.swift */ = {isa = PBXFileReference; lastKnownFileType = sourcecode.swift; path = Constants.swift; sourceTree = "<group>"; };
		D19E1F6C2035951F00260AED /* Utils.swift */ = {isa = PBXFileReference; lastKnownFileType = sourcecode.swift; path = Utils.swift; sourceTree = "<group>"; };
		D19E1F962036E55900260AED /* OmGTUUITests_2.xctest */ = {isa = PBXFileReference; explicitFileType = wrapper.cfbundle; includeInIndex = 0; path = OmGTUUITests_2.xctest; sourceTree = BUILT_PRODUCTS_DIR; };
		D19E1FA22036E56800260AED /* OmGTUUITests_3.xctest */ = {isa = PBXFileReference; explicitFileType = wrapper.cfbundle; includeInIndex = 0; path = OmGTUUITests_3.xctest; sourceTree = BUILT_PRODUCTS_DIR; };
		D1BF7C06201F2ADD004799EA /* Day.swift */ = {isa = PBXFileReference; lastKnownFileType = sourcecode.swift; path = Day.swift; sourceTree = "<group>"; };
		D1BF7C0E20202E72004799EA /* GroupsHeader.swift */ = {isa = PBXFileReference; lastKnownFileType = sourcecode.swift; path = GroupsHeader.swift; sourceTree = "<group>"; };
		D1BF7C12202044BB004799EA /* TableHeaderView+AutoLayout.swift */ = {isa = PBXFileReference; fileEncoding = 4; lastKnownFileType = sourcecode.swift; path = "TableHeaderView+AutoLayout.swift"; sourceTree = "<group>"; };
		D1BF7C1420207232004799EA /* LectureTableViewCell.swift */ = {isa = PBXFileReference; lastKnownFileType = sourcecode.swift; path = LectureTableViewCell.swift; sourceTree = "<group>"; };
		D1BF7C172020DBC3004799EA /* FSCalendarCollectionView.m */ = {isa = PBXFileReference; fileEncoding = 4; lastKnownFileType = sourcecode.c.objc; path = FSCalendarCollectionView.m; sourceTree = "<group>"; };
		D1BF7C182020DBC3004799EA /* FSCalendarWeekdayView.h */ = {isa = PBXFileReference; fileEncoding = 4; lastKnownFileType = sourcecode.c.h; path = FSCalendarWeekdayView.h; sourceTree = "<group>"; };
		D1BF7C192020DBC3004799EA /* FSCalendarCollectionViewLayout.h */ = {isa = PBXFileReference; fileEncoding = 4; lastKnownFileType = sourcecode.c.h; path = FSCalendarCollectionViewLayout.h; sourceTree = "<group>"; };
		D1BF7C1A2020DBC3004799EA /* FSCalendarScopeHandle.h */ = {isa = PBXFileReference; fileEncoding = 4; lastKnownFileType = sourcecode.c.h; path = FSCalendarScopeHandle.h; sourceTree = "<group>"; };
		D1BF7C1B2020DBC3004799EA /* FSCalendarDelegationProxy.m */ = {isa = PBXFileReference; fileEncoding = 4; lastKnownFileType = sourcecode.c.objc; path = FSCalendarDelegationProxy.m; sourceTree = "<group>"; };
		D1BF7C1C2020DBC3004799EA /* FSCalendarExtensions.h */ = {isa = PBXFileReference; fileEncoding = 4; lastKnownFileType = sourcecode.c.h; path = FSCalendarExtensions.h; sourceTree = "<group>"; };
		D1BF7C1D2020DBC3004799EA /* FSCalendarDelegationFactory.m */ = {isa = PBXFileReference; fileEncoding = 4; lastKnownFileType = sourcecode.c.objc; path = FSCalendarDelegationFactory.m; sourceTree = "<group>"; };
		D1BF7C1E2020DBC3004799EA /* FSCalendarCalculator.h */ = {isa = PBXFileReference; fileEncoding = 4; lastKnownFileType = sourcecode.c.h; path = FSCalendarCalculator.h; sourceTree = "<group>"; };
		D1BF7C1F2020DBC3004799EA /* FSCalendarHeaderView.h */ = {isa = PBXFileReference; fileEncoding = 4; lastKnownFileType = sourcecode.c.h; path = FSCalendarHeaderView.h; sourceTree = "<group>"; };
		D1BF7C202020DBC3004799EA /* FSCalendarConstants.h */ = {isa = PBXFileReference; fileEncoding = 4; lastKnownFileType = sourcecode.c.h; path = FSCalendarConstants.h; sourceTree = "<group>"; };
		D1BF7C212020DBC3004799EA /* FSCalendarAppearance.h */ = {isa = PBXFileReference; fileEncoding = 4; lastKnownFileType = sourcecode.c.h; path = FSCalendarAppearance.h; sourceTree = "<group>"; };
		D1BF7C222020DBC3004799EA /* FSCalendarTransitionCoordinator.h */ = {isa = PBXFileReference; fileEncoding = 4; lastKnownFileType = sourcecode.c.h; path = FSCalendarTransitionCoordinator.h; sourceTree = "<group>"; };
		D1BF7C232020DBC3004799EA /* FSCalendarCell.m */ = {isa = PBXFileReference; fileEncoding = 4; lastKnownFileType = sourcecode.c.objc; path = FSCalendarCell.m; sourceTree = "<group>"; };
		D1BF7C242020DBC3004799EA /* FSCalendarStickyHeader.m */ = {isa = PBXFileReference; fileEncoding = 4; lastKnownFileType = sourcecode.c.objc; path = FSCalendarStickyHeader.m; sourceTree = "<group>"; };
		D1BF7C252020DBC3004799EA /* FSCalendar.m */ = {isa = PBXFileReference; fileEncoding = 4; lastKnownFileType = sourcecode.c.objc; path = FSCalendar.m; sourceTree = "<group>"; };
		D1BF7C262020DBC3004799EA /* FSCalendarCollectionViewLayout.m */ = {isa = PBXFileReference; fileEncoding = 4; lastKnownFileType = sourcecode.c.objc; path = FSCalendarCollectionViewLayout.m; sourceTree = "<group>"; };
		D1BF7C272020DBC3004799EA /* FSCalendarScopeHandle.m */ = {isa = PBXFileReference; fileEncoding = 4; lastKnownFileType = sourcecode.c.objc; path = FSCalendarScopeHandle.m; sourceTree = "<group>"; };
		D1BF7C282020DBC3004799EA /* FSCalendarWeekdayView.m */ = {isa = PBXFileReference; fileEncoding = 4; lastKnownFileType = sourcecode.c.objc; path = FSCalendarWeekdayView.m; sourceTree = "<group>"; };
		D1BF7C292020DBC3004799EA /* FSCalendarCollectionView.h */ = {isa = PBXFileReference; fileEncoding = 4; lastKnownFileType = sourcecode.c.h; path = FSCalendarCollectionView.h; sourceTree = "<group>"; };
		D1BF7C2A2020DBC3004799EA /* FSCalendarDynamicHeader.h */ = {isa = PBXFileReference; fileEncoding = 4; lastKnownFileType = sourcecode.c.h; path = FSCalendarDynamicHeader.h; sourceTree = "<group>"; };
		D1BF7C2B2020DBC3004799EA /* FSCalendarDelegationFactory.h */ = {isa = PBXFileReference; fileEncoding = 4; lastKnownFileType = sourcecode.c.h; path = FSCalendarDelegationFactory.h; sourceTree = "<group>"; };
		D1BF7C2C2020DBC3004799EA /* FSCalendarExtensions.m */ = {isa = PBXFileReference; fileEncoding = 4; lastKnownFileType = sourcecode.c.objc; path = FSCalendarExtensions.m; sourceTree = "<group>"; };
		D1BF7C2D2020DBC3004799EA /* FSCalendarDelegationProxy.h */ = {isa = PBXFileReference; fileEncoding = 4; lastKnownFileType = sourcecode.c.h; path = FSCalendarDelegationProxy.h; sourceTree = "<group>"; };
		D1BF7C2E2020DBC3004799EA /* FSCalendar+Deprecated.m */ = {isa = PBXFileReference; fileEncoding = 4; lastKnownFileType = sourcecode.c.objc; path = "FSCalendar+Deprecated.m"; sourceTree = "<group>"; };
		D1BF7C2F2020DBC3004799EA /* FSCalendarConstants.m */ = {isa = PBXFileReference; fileEncoding = 4; lastKnownFileType = sourcecode.c.objc; path = FSCalendarConstants.m; sourceTree = "<group>"; };
		D1BF7C302020DBC3004799EA /* FSCalendarCalculator.m */ = {isa = PBXFileReference; fileEncoding = 4; lastKnownFileType = sourcecode.c.objc; path = FSCalendarCalculator.m; sourceTree = "<group>"; };
		D1BF7C312020DBC3004799EA /* FSCalendarHeaderView.m */ = {isa = PBXFileReference; fileEncoding = 4; lastKnownFileType = sourcecode.c.objc; path = FSCalendarHeaderView.m; sourceTree = "<group>"; };
		D1BF7C322020DBC3004799EA /* FSCalendarStickyHeader.h */ = {isa = PBXFileReference; fileEncoding = 4; lastKnownFileType = sourcecode.c.h; path = FSCalendarStickyHeader.h; sourceTree = "<group>"; };
		D1BF7C332020DBC3004799EA /* FSCalendar.h */ = {isa = PBXFileReference; fileEncoding = 4; lastKnownFileType = sourcecode.c.h; path = FSCalendar.h; sourceTree = "<group>"; };
		D1BF7C342020DBC3004799EA /* FSCalendarCell.h */ = {isa = PBXFileReference; fileEncoding = 4; lastKnownFileType = sourcecode.c.h; path = FSCalendarCell.h; sourceTree = "<group>"; };
		D1BF7C352020DBC3004799EA /* FSCalendarTransitionCoordinator.m */ = {isa = PBXFileReference; fileEncoding = 4; lastKnownFileType = sourcecode.c.objc; path = FSCalendarTransitionCoordinator.m; sourceTree = "<group>"; };
		D1BF7C362020DBC3004799EA /* Info.plist */ = {isa = PBXFileReference; fileEncoding = 4; lastKnownFileType = text.plist.xml; path = Info.plist; sourceTree = "<group>"; };
		D1BF7C372020DBC3004799EA /* FSCalendarAppearance.m */ = {isa = PBXFileReference; fileEncoding = 4; lastKnownFileType = sourcecode.c.objc; path = FSCalendarAppearance.m; sourceTree = "<group>"; };
		D1BF7C492020DBD8004799EA /* Objc-Bridge-Header.h */ = {isa = PBXFileReference; lastKnownFileType = sourcecode.c.h; path = "Objc-Bridge-Header.h"; sourceTree = "<group>"; };
		D1BF7C4A2020DC61004799EA /* CalendarViewController.swift */ = {isa = PBXFileReference; fileEncoding = 4; lastKnownFileType = sourcecode.swift; path = CalendarViewController.swift; sourceTree = "<group>"; };
		D1DDF3882018604200E27D33 /* OmGTU.app */ = {isa = PBXFileReference; explicitFileType = wrapper.application; includeInIndex = 0; path = OmGTU.app; sourceTree = BUILT_PRODUCTS_DIR; };
		D1DDF38B2018604200E27D33 /* AppDelegate.swift */ = {isa = PBXFileReference; lastKnownFileType = sourcecode.swift; path = AppDelegate.swift; sourceTree = "<group>"; };
		D1DDF38D2018604200E27D33 /* MenuViewController.swift */ = {isa = PBXFileReference; lastKnownFileType = sourcecode.swift; path = MenuViewController.swift; sourceTree = "<group>"; };
		D1DDF3902018604200E27D33 /* Base */ = {isa = PBXFileReference; lastKnownFileType = file.storyboard; name = Base; path = Base.lproj/Main.storyboard; sourceTree = "<group>"; };
		D1DDF3932018604200E27D33 /* OmGTU.xcdatamodel */ = {isa = PBXFileReference; lastKnownFileType = wrapper.xcdatamodel; path = OmGTU.xcdatamodel; sourceTree = "<group>"; };
		D1DDF3952018604200E27D33 /* Assets.xcassets */ = {isa = PBXFileReference; lastKnownFileType = folder.assetcatalog; path = Assets.xcassets; sourceTree = "<group>"; };
		D1DDF3982018604200E27D33 /* Base */ = {isa = PBXFileReference; lastKnownFileType = file.storyboard; name = Base; path = Base.lproj/LaunchScreen.storyboard; sourceTree = "<group>"; };
		D1DDF39A2018604200E27D33 /* Info.plist */ = {isa = PBXFileReference; lastKnownFileType = text.plist.xml; path = Info.plist; sourceTree = "<group>"; };
		D1DDF39F2018604200E27D33 /* OmGTUTests.xctest */ = {isa = PBXFileReference; explicitFileType = wrapper.cfbundle; includeInIndex = 0; path = OmGTUTests.xctest; sourceTree = BUILT_PRODUCTS_DIR; };
		D1DDF3A32018604200E27D33 /* OmGTUTests.swift */ = {isa = PBXFileReference; lastKnownFileType = sourcecode.swift; path = OmGTUTests.swift; sourceTree = "<group>"; };
		D1DDF3A52018604200E27D33 /* Info.plist */ = {isa = PBXFileReference; lastKnownFileType = text.plist.xml; path = Info.plist; sourceTree = "<group>"; };
		D1DDF3AA2018604200E27D33 /* OmGTUUITests_1.xctest */ = {isa = PBXFileReference; explicitFileType = wrapper.cfbundle; includeInIndex = 0; path = OmGTUUITests_1.xctest; sourceTree = BUILT_PRODUCTS_DIR; };
		D1DDF3AE2018604200E27D33 /* OmGTUUITests.swift */ = {isa = PBXFileReference; lastKnownFileType = sourcecode.swift; path = OmGTUUITests.swift; sourceTree = "<group>"; };
		D1DDF3B02018604200E27D33 /* Info.plist */ = {isa = PBXFileReference; lastKnownFileType = text.plist.xml; path = Info.plist; sourceTree = "<group>"; };
		D1DDF3BC201860CE00E27D33 /* RequestsEngine.swift */ = {isa = PBXFileReference; fileEncoding = 4; lastKnownFileType = sourcecode.swift; path = RequestsEngine.swift; sourceTree = "<group>"; };
		D1DDF3BD201860CF00E27D33 /* GroupsViewController.swift */ = {isa = PBXFileReference; fileEncoding = 4; lastKnownFileType = sourcecode.swift; path = GroupsViewController.swift; sourceTree = "<group>"; };
		D1F060822032AFCC00E24107 /* EditNoteViewController.swift */ = {isa = PBXFileReference; fileEncoding = 4; lastKnownFileType = sourcecode.swift; path = EditNoteViewController.swift; sourceTree = "<group>"; };
		EE53BF502031901600537646 /* MyNotesViewController.swift */ = {isa = PBXFileReference; fileEncoding = 4; lastKnownFileType = sourcecode.swift; path = MyNotesViewController.swift; sourceTree = "<group>"; };
		EE53BF52203193EA00537646 /* NoteTableViewCell.swift */ = {isa = PBXFileReference; fileEncoding = 4; lastKnownFileType = sourcecode.swift; path = NoteTableViewCell.swift; sourceTree = "<group>"; };
/* End PBXFileReference section */

/* Begin PBXFrameworksBuildPhase section */
		D19E1F912036E55900260AED /* Frameworks */ = {
			isa = PBXFrameworksBuildPhase;
			buildActionMask = 2147483647;
			files = (
			);
			runOnlyForDeploymentPostprocessing = 0;
		};
		D19E1F9D2036E56800260AED /* Frameworks */ = {
			isa = PBXFrameworksBuildPhase;
			buildActionMask = 2147483647;
			files = (
			);
			runOnlyForDeploymentPostprocessing = 0;
		};
		D1DDF3852018604200E27D33 /* Frameworks */ = {
			isa = PBXFrameworksBuildPhase;
			buildActionMask = 2147483647;
			files = (
			);
			runOnlyForDeploymentPostprocessing = 0;
		};
		D1DDF39C2018604200E27D33 /* Frameworks */ = {
			isa = PBXFrameworksBuildPhase;
			buildActionMask = 2147483647;
			files = (
			);
			runOnlyForDeploymentPostprocessing = 0;
		};
		D1DDF3A72018604200E27D33 /* Frameworks */ = {
			isa = PBXFrameworksBuildPhase;
			buildActionMask = 2147483647;
			files = (
			);
			runOnlyForDeploymentPostprocessing = 0;
		};
/* End PBXFrameworksBuildPhase section */

/* Begin PBXGroup section */
		D1BF7C162020DBC3004799EA /* FSCalendar */ = {
			isa = PBXGroup;
			children = (
				D1BF7C172020DBC3004799EA /* FSCalendarCollectionView.m */,
				D1BF7C182020DBC3004799EA /* FSCalendarWeekdayView.h */,
				D1BF7C192020DBC3004799EA /* FSCalendarCollectionViewLayout.h */,
				D1BF7C1A2020DBC3004799EA /* FSCalendarScopeHandle.h */,
				D1BF7C1B2020DBC3004799EA /* FSCalendarDelegationProxy.m */,
				D1BF7C1C2020DBC3004799EA /* FSCalendarExtensions.h */,
				D1BF7C1D2020DBC3004799EA /* FSCalendarDelegationFactory.m */,
				D1BF7C1E2020DBC3004799EA /* FSCalendarCalculator.h */,
				D1BF7C1F2020DBC3004799EA /* FSCalendarHeaderView.h */,
				D1BF7C202020DBC3004799EA /* FSCalendarConstants.h */,
				D1BF7C212020DBC3004799EA /* FSCalendarAppearance.h */,
				D1BF7C222020DBC3004799EA /* FSCalendarTransitionCoordinator.h */,
				D1BF7C232020DBC3004799EA /* FSCalendarCell.m */,
				D1BF7C242020DBC3004799EA /* FSCalendarStickyHeader.m */,
				D1BF7C252020DBC3004799EA /* FSCalendar.m */,
				D1BF7C262020DBC3004799EA /* FSCalendarCollectionViewLayout.m */,
				D1BF7C272020DBC3004799EA /* FSCalendarScopeHandle.m */,
				D1BF7C282020DBC3004799EA /* FSCalendarWeekdayView.m */,
				D1BF7C292020DBC3004799EA /* FSCalendarCollectionView.h */,
				D1BF7C2A2020DBC3004799EA /* FSCalendarDynamicHeader.h */,
				D1BF7C2B2020DBC3004799EA /* FSCalendarDelegationFactory.h */,
				D1BF7C2C2020DBC3004799EA /* FSCalendarExtensions.m */,
				D1BF7C2D2020DBC3004799EA /* FSCalendarDelegationProxy.h */,
				D1BF7C2E2020DBC3004799EA /* FSCalendar+Deprecated.m */,
				D1BF7C2F2020DBC3004799EA /* FSCalendarConstants.m */,
				D1BF7C302020DBC3004799EA /* FSCalendarCalculator.m */,
				D1BF7C312020DBC3004799EA /* FSCalendarHeaderView.m */,
				D1BF7C322020DBC3004799EA /* FSCalendarStickyHeader.h */,
				D1BF7C332020DBC3004799EA /* FSCalendar.h */,
				D1BF7C342020DBC3004799EA /* FSCalendarCell.h */,
				D1BF7C352020DBC3004799EA /* FSCalendarTransitionCoordinator.m */,
				D1BF7C362020DBC3004799EA /* Info.plist */,
				D1BF7C372020DBC3004799EA /* FSCalendarAppearance.m */,
			);
			path = FSCalendar;
			sourceTree = "<group>";
		};
		D1DDF37F2018604200E27D33 = {
			isa = PBXGroup;
			children = (
				D1BF7C162020DBC3004799EA /* FSCalendar */,
				D1DDF38A2018604200E27D33 /* OmGTU */,
				D1DDF3A22018604200E27D33 /* OmGTUTests */,
				D1DDF3AD2018604200E27D33 /* OmGTUUITests */,
				D1DDF3892018604200E27D33 /* Products */,
			);
			sourceTree = "<group>";
		};
		D1DDF3892018604200E27D33 /* Products */ = {
			isa = PBXGroup;
			children = (
				D1DDF3882018604200E27D33 /* OmGTU.app */,
				D1DDF39F2018604200E27D33 /* OmGTUTests.xctest */,
				D1DDF3AA2018604200E27D33 /* OmGTUUITests_1.xctest */,
				D19E1F962036E55900260AED /* OmGTUUITests_2.xctest */,
				D19E1FA22036E56800260AED /* OmGTUUITests_3.xctest */,
			);
			name = Products;
			sourceTree = "<group>";
		};
		D1DDF38A2018604200E27D33 /* OmGTU */ = {
			isa = PBXGroup;
			children = (
				D1F060822032AFCC00E24107 /* EditNoteViewController.swift */,
				EE53BF502031901600537646 /* MyNotesViewController.swift */,
				EE53BF52203193EA00537646 /* NoteTableViewCell.swift */,
				D14DC47A202CBA2200244B9E /* MyScheduleViewController.swift */,
				D16B57E12029BB6C007C0B16 /* LectorsViewController.swift */,
				D16B57DF20245145007C0B16 /* LectorsHeader.swift */,
				D1DDF3BD201860CF00E27D33 /* GroupsViewController.swift */,
				D1BF7C0E20202E72004799EA /* GroupsHeader.swift */,
				D1BF7C1420207232004799EA /* LectureTableViewCell.swift */,
				D1BF7C4A2020DC61004799EA /* CalendarViewController.swift */,
				D1DDF3BC201860CE00E27D33 /* RequestsEngine.swift */,
				D1DDF38D2018604200E27D33 /* MenuViewController.swift */,
				D1BF7C06201F2ADD004799EA /* Day.swift */,
				D19E1F6C2035951F00260AED /* Utils.swift */,
				D1DDF38F2018604200E27D33 /* Main.storyboard */,
				D1DDF3952018604200E27D33 /* Assets.xcassets */,
				D1BF7C492020DBD8004799EA /* Objc-Bridge-Header.h */,
				D1DDF39A2018604200E27D33 /* Info.plist */,
				D1DDF3972018604200E27D33 /* LaunchScreen.storyboard */,
				D1DDF3922018604200E27D33 /* OmGTU.xcdatamodeld */,
				D1DDF38B2018604200E27D33 /* AppDelegate.swift */,
				D1BF7C12202044BB004799EA /* TableHeaderView+AutoLayout.swift */,
				D16B57E3202AEF76007C0B16 /* Constants.swift */,
				D1E2719120218564005B646D /* Supporting files */,
			);
			path = OmGTU;
			sourceTree = "<group>";
		};
		D1DDF3A22018604200E27D33 /* OmGTUTests */ = {
			isa = PBXGroup;
			children = (
				D1DDF3A32018604200E27D33 /* OmGTUTests.swift */,
				D1DDF3A52018604200E27D33 /* Info.plist */,
			);
			path = OmGTUTests;
			sourceTree = "<group>";
		};
		D1DDF3AD2018604200E27D33 /* OmGTUUITests */ = {
			isa = PBXGroup;
			children = (
				D1DDF3AE2018604200E27D33 /* OmGTUUITests.swift */,
				D1DDF3B02018604200E27D33 /* Info.plist */,
			);
			path = OmGTUUITests;
			sourceTree = "<group>";
		};
		D1E2719120218564005B646D /* Supporting files */ = {
			isa = PBXGroup;
			children = (
			);
			name = "Supporting files";
			sourceTree = "<group>";
		};
/* End PBXGroup section */

/* Begin PBXNativeTarget section */
		D19E1F8C2036E55900260AED /* OmGTUUITests_2 */ = {
			isa = PBXNativeTarget;
			buildConfigurationList = D19E1F932036E55900260AED /* Build configuration list for PBXNativeTarget "OmGTUUITests_2" */;
			buildPhases = (
				D19E1F8F2036E55900260AED /* Sources */,
				D19E1F912036E55900260AED /* Frameworks */,
				D19E1F922036E55900260AED /* Resources */,
			);
			buildRules = (
			);
			dependencies = (
				D19E1F8D2036E55900260AED /* PBXTargetDependency */,
			);
			name = OmGTUUITests_2;
			productName = OmGTUUITests;
			productReference = D19E1F962036E55900260AED /* OmGTUUITests_2.xctest */;
			productType = "com.apple.product-type.bundle.ui-testing";
		};
		D19E1F982036E56800260AED /* OmGTUUITests_3 */ = {
			isa = PBXNativeTarget;
			buildConfigurationList = D19E1F9F2036E56800260AED /* Build configuration list for PBXNativeTarget "OmGTUUITests_3" */;
			buildPhases = (
				D19E1F9B2036E56800260AED /* Sources */,
				D19E1F9D2036E56800260AED /* Frameworks */,
				D19E1F9E2036E56800260AED /* Resources */,
			);
			buildRules = (
			);
			dependencies = (
				D19E1F992036E56800260AED /* PBXTargetDependency */,
			);
			name = OmGTUUITests_3;
			productName = OmGTUUITests;
			productReference = D19E1FA22036E56800260AED /* OmGTUUITests_3.xctest */;
			productType = "com.apple.product-type.bundle.ui-testing";
		};
		D1DDF3872018604200E27D33 /* OmGTU */ = {
			isa = PBXNativeTarget;
			buildConfigurationList = D1DDF3B32018604200E27D33 /* Build configuration list for PBXNativeTarget "OmGTU" */;
			buildPhases = (
				D1DDF3842018604200E27D33 /* Sources */,
				D1DDF3852018604200E27D33 /* Frameworks */,
				D1DDF3862018604200E27D33 /* Resources */,
			);
			buildRules = (
			);
			dependencies = (
			);
			name = OmGTU;
			productName = OmGTU;
			productReference = D1DDF3882018604200E27D33 /* OmGTU.app */;
			productType = "com.apple.product-type.application";
		};
		D1DDF39E2018604200E27D33 /* OmGTUTests */ = {
			isa = PBXNativeTarget;
			buildConfigurationList = D1DDF3B62018604200E27D33 /* Build configuration list for PBXNativeTarget "OmGTUTests" */;
			buildPhases = (
				D1DDF39B2018604200E27D33 /* Sources */,
				D1DDF39C2018604200E27D33 /* Frameworks */,
				D1DDF39D2018604200E27D33 /* Resources */,
			);
			buildRules = (
			);
			dependencies = (
				D1DDF3A12018604200E27D33 /* PBXTargetDependency */,
			);
			name = OmGTUTests;
			productName = OmGTUTests;
			productReference = D1DDF39F2018604200E27D33 /* OmGTUTests.xctest */;
			productType = "com.apple.product-type.bundle.unit-test";
		};
		D1DDF3A92018604200E27D33 /* OmGTUUITests_1 */ = {
			isa = PBXNativeTarget;
			buildConfigurationList = D1DDF3B92018604200E27D33 /* Build configuration list for PBXNativeTarget "OmGTUUITests_1" */;
			buildPhases = (
				D1DDF3A62018604200E27D33 /* Sources */,
				D1DDF3A72018604200E27D33 /* Frameworks */,
				D1DDF3A82018604200E27D33 /* Resources */,
			);
			buildRules = (
			);
			dependencies = (
				D1DDF3AC2018604200E27D33 /* PBXTargetDependency */,
			);
			name = OmGTUUITests_1;
			productName = OmGTUUITests;
			productReference = D1DDF3AA2018604200E27D33 /* OmGTUUITests_1.xctest */;
			productType = "com.apple.product-type.bundle.ui-testing";
		};
/* End PBXNativeTarget section */

/* Begin PBXProject section */
		D1DDF3802018604200E27D33 /* Project object */ = {
			isa = PBXProject;
			attributes = {
				LastSwiftUpdateCheck = 0920;
				LastUpgradeCheck = 0920;
				ORGANIZATIONNAME = "Dmitry Valov";
				TargetAttributes = {
					D19E1F8C2036E55900260AED = {
						ProvisioningStyle = Automatic;
						TestTargetID = D1DDF3872018604200E27D33;
					};
					D19E1F982036E56800260AED = {
						ProvisioningStyle = Automatic;
						TestTargetID = D1DDF3872018604200E27D33;
					};
					D1DDF3872018604200E27D33 = {
						CreatedOnToolsVersion = 9.2;
						ProvisioningStyle = Automatic;
					};
					D1DDF39E2018604200E27D33 = {
						CreatedOnToolsVersion = 9.2;
						ProvisioningStyle = Automatic;
						TestTargetID = D1DDF3872018604200E27D33;
					};
					D1DDF3A92018604200E27D33 = {
						CreatedOnToolsVersion = 9.2;
						ProvisioningStyle = Automatic;
						TestTargetID = D1DDF3872018604200E27D33;
					};
				};
			};
			buildConfigurationList = D1DDF3832018604200E27D33 /* Build configuration list for PBXProject "OmGTU" */;
			compatibilityVersion = "Xcode 8.0";
			developmentRegion = en;
			hasScannedForEncodings = 0;
			knownRegions = (
				en,
				Base,
			);
			mainGroup = D1DDF37F2018604200E27D33;
			productRefGroup = D1DDF3892018604200E27D33 /* Products */;
			projectDirPath = "";
			projectRoot = "";
			targets = (
				D1DDF3872018604200E27D33 /* OmGTU */,
				D1DDF39E2018604200E27D33 /* OmGTUTests */,
				D1DDF3A92018604200E27D33 /* OmGTUUITests_1 */,
				D19E1F8C2036E55900260AED /* OmGTUUITests_2 */,
				D19E1F982036E56800260AED /* OmGTUUITests_3 */,
			);
		};
/* End PBXProject section */

/* Begin PBXResourcesBuildPhase section */
		D19E1F922036E55900260AED /* Resources */ = {
			isa = PBXResourcesBuildPhase;
			buildActionMask = 2147483647;
			files = (
			);
			runOnlyForDeploymentPostprocessing = 0;
		};
		D19E1F9E2036E56800260AED /* Resources */ = {
			isa = PBXResourcesBuildPhase;
			buildActionMask = 2147483647;
			files = (
			);
			runOnlyForDeploymentPostprocessing = 0;
		};
		D1DDF3862018604200E27D33 /* Resources */ = {
			isa = PBXResourcesBuildPhase;
			buildActionMask = 2147483647;
			files = (
				D1BF7C472020DBC4004799EA /* Info.plist in Resources */,
				D1DDF3992018604200E27D33 /* LaunchScreen.storyboard in Resources */,
				D1DDF3962018604200E27D33 /* Assets.xcassets in Resources */,
				D1DDF3912018604200E27D33 /* Main.storyboard in Resources */,
			);
			runOnlyForDeploymentPostprocessing = 0;
		};
		D1DDF39D2018604200E27D33 /* Resources */ = {
			isa = PBXResourcesBuildPhase;
			buildActionMask = 2147483647;
			files = (
			);
			runOnlyForDeploymentPostprocessing = 0;
		};
		D1DDF3A82018604200E27D33 /* Resources */ = {
			isa = PBXResourcesBuildPhase;
			buildActionMask = 2147483647;
			files = (
			);
			runOnlyForDeploymentPostprocessing = 0;
		};
/* End PBXResourcesBuildPhase section */

/* Begin PBXSourcesBuildPhase section */
		D19E1F8F2036E55900260AED /* Sources */ = {
			isa = PBXSourcesBuildPhase;
			buildActionMask = 2147483647;
			files = (
				D19E1F902036E55900260AED /* OmGTUUITests.swift in Sources */,
			);
			runOnlyForDeploymentPostprocessing = 0;
		};
		D19E1F9B2036E56800260AED /* Sources */ = {
			isa = PBXSourcesBuildPhase;
			buildActionMask = 2147483647;
			files = (
				D19E1F9C2036E56800260AED /* OmGTUUITests.swift in Sources */,
			);
			runOnlyForDeploymentPostprocessing = 0;
		};
		D1DDF3842018604200E27D33 /* Sources */ = {
			isa = PBXSourcesBuildPhase;
			buildActionMask = 2147483647;
			files = (
				D1BF7C442020DBC4004799EA /* FSCalendarCalculator.m in Sources */,
				D1BF7C452020DBC4004799EA /* FSCalendarHeaderView.m in Sources */,
				D1BF7C3C2020DBC4004799EA /* FSCalendarStickyHeader.m in Sources */,
				D1BF7C422020DBC4004799EA /* FSCalendar+Deprecated.m in Sources */,
				D1F060832032AFCC00E24107 /* EditNoteViewController.swift in Sources */,
				D1BF7C482020DBC4004799EA /* FSCalendarAppearance.m in Sources */,
				D16B57E4202AEF76007C0B16 /* Constants.swift in Sources */,
				D1DDF38E2018604200E27D33 /* MenuViewController.swift in Sources */,
				D1BF7C392020DBC4004799EA /* FSCalendarDelegationProxy.m in Sources */,
				D19E1F6D2035951F00260AED /* Utils.swift in Sources */,
				D1BF7C1520207232004799EA /* LectureTableViewCell.swift in Sources */,
				D1DDF3BE201860CF00E27D33 /* RequestsEngine.swift in Sources */,
				D1BF7C13202044BB004799EA /* TableHeaderView+AutoLayout.swift in Sources */,
				EE53BF53203193EB00537646 /* NoteTableViewCell.swift in Sources */,
				EE53BF512031901600537646 /* MyNotesViewController.swift in Sources */,
				D14DC47B202CBA2200244B9E /* MyScheduleViewController.swift in Sources */,
				D1BF7C432020DBC4004799EA /* FSCalendarConstants.m in Sources */,
				D1BF7C462020DBC4004799EA /* FSCalendarTransitionCoordinator.m in Sources */,
				D1BF7C3E2020DBC4004799EA /* FSCalendarCollectionViewLayout.m in Sources */,
				D1BF7C0F20202E72004799EA /* GroupsHeader.swift in Sources */,
				D1BF7C07201F2ADD004799EA /* Day.swift in Sources */,
				D1BF7C3A2020DBC4004799EA /* FSCalendarDelegationFactory.m in Sources */,
				D1BF7C402020DBC4004799EA /* FSCalendarWeekdayView.m in Sources */,
				D1DDF38C2018604200E27D33 /* AppDelegate.swift in Sources */,
				D1BF7C412020DBC4004799EA /* FSCalendarExtensions.m in Sources */,
				D1BF7C382020DBC4004799EA /* FSCalendarCollectionView.m in Sources */,
				D1DDF3942018604200E27D33 /* OmGTU.xcdatamodeld in Sources */,
				D1BF7C3F2020DBC4004799EA /* FSCalendarScopeHandle.m in Sources */,
				D1BF7C3B2020DBC4004799EA /* FSCalendarCell.m in Sources */,
				D1DDF3BF201860CF00E27D33 /* GroupsViewController.swift in Sources */,
				D16B57E020245145007C0B16 /* LectorsHeader.swift in Sources */,
				D16B57E22029BB6C007C0B16 /* LectorsViewController.swift in Sources */,
				D1BF7C4B2020DC61004799EA /* CalendarViewController.swift in Sources */,
				D1BF7C3D2020DBC4004799EA /* FSCalendar.m in Sources */,
			);
			runOnlyForDeploymentPostprocessing = 0;
		};
		D1DDF39B2018604200E27D33 /* Sources */ = {
			isa = PBXSourcesBuildPhase;
			buildActionMask = 2147483647;
			files = (
				D1DDF3A42018604200E27D33 /* OmGTUTests.swift in Sources */,
			);
			runOnlyForDeploymentPostprocessing = 0;
		};
		D1DDF3A62018604200E27D33 /* Sources */ = {
			isa = PBXSourcesBuildPhase;
			buildActionMask = 2147483647;
			files = (
				D1DDF3AF2018604200E27D33 /* OmGTUUITests.swift in Sources */,
			);
			runOnlyForDeploymentPostprocessing = 0;
		};
/* End PBXSourcesBuildPhase section */

/* Begin PBXTargetDependency section */
		D19E1F8D2036E55900260AED /* PBXTargetDependency */ = {
			isa = PBXTargetDependency;
			target = D1DDF3872018604200E27D33 /* OmGTU */;
			targetProxy = D19E1F8E2036E55900260AED /* PBXContainerItemProxy */;
		};
		D19E1F992036E56800260AED /* PBXTargetDependency */ = {
			isa = PBXTargetDependency;
			target = D1DDF3872018604200E27D33 /* OmGTU */;
			targetProxy = D19E1F9A2036E56800260AED /* PBXContainerItemProxy */;
		};
		D1DDF3A12018604200E27D33 /* PBXTargetDependency */ = {
			isa = PBXTargetDependency;
			target = D1DDF3872018604200E27D33 /* OmGTU */;
			targetProxy = D1DDF3A02018604200E27D33 /* PBXContainerItemProxy */;
		};
		D1DDF3AC2018604200E27D33 /* PBXTargetDependency */ = {
			isa = PBXTargetDependency;
			target = D1DDF3872018604200E27D33 /* OmGTU */;
			targetProxy = D1DDF3AB2018604200E27D33 /* PBXContainerItemProxy */;
		};
/* End PBXTargetDependency section */

/* Begin PBXVariantGroup section */
		D1DDF38F2018604200E27D33 /* Main.storyboard */ = {
			isa = PBXVariantGroup;
			children = (
				D1DDF3902018604200E27D33 /* Base */,
			);
			name = Main.storyboard;
			sourceTree = "<group>";
		};
		D1DDF3972018604200E27D33 /* LaunchScreen.storyboard */ = {
			isa = PBXVariantGroup;
			children = (
				D1DDF3982018604200E27D33 /* Base */,
			);
			name = LaunchScreen.storyboard;
			sourceTree = "<group>";
		};
/* End PBXVariantGroup section */

/* Begin XCBuildConfiguration section */
		D19E1F942036E55900260AED /* Debug */ = {
			isa = XCBuildConfiguration;
			buildSettings = {
				ALWAYS_EMBED_SWIFT_STANDARD_LIBRARIES = YES;
				CODE_SIGN_STYLE = Automatic;
				DEVELOPMENT_TEAM = 8MC3WYRL49;
				INFOPLIST_FILE = "OmGTUUITests copy-Info.plist";
				LD_RUNPATH_SEARCH_PATHS = "$(inherited) @executable_path/Frameworks @loader_path/Frameworks";
				PRODUCT_BUNDLE_IDENTIFIER = Prolev.OmGTUUITests;
				PRODUCT_NAME = "$(TARGET_NAME)";
				SWIFT_VERSION = 4.0;
				TARGETED_DEVICE_FAMILY = "1,2";
				TEST_TARGET_NAME = OmGTU;
			};
			name = Debug;
		};
		D19E1F952036E55900260AED /* Release */ = {
			isa = XCBuildConfiguration;
			buildSettings = {
				ALWAYS_EMBED_SWIFT_STANDARD_LIBRARIES = YES;
				CODE_SIGN_STYLE = Automatic;
				DEVELOPMENT_TEAM = 8MC3WYRL49;
				INFOPLIST_FILE = "OmGTUUITests copy-Info.plist";
				LD_RUNPATH_SEARCH_PATHS = "$(inherited) @executable_path/Frameworks @loader_path/Frameworks";
				PRODUCT_BUNDLE_IDENTIFIER = Prolev.OmGTUUITests;
				PRODUCT_NAME = "$(TARGET_NAME)";
				SWIFT_VERSION = 4.0;
				TARGETED_DEVICE_FAMILY = "1,2";
				TEST_TARGET_NAME = OmGTU;
			};
			name = Release;
		};
		D19E1FA02036E56800260AED /* Debug */ = {
			isa = XCBuildConfiguration;
			buildSettings = {
				ALWAYS_EMBED_SWIFT_STANDARD_LIBRARIES = YES;
				CODE_SIGN_STYLE = Automatic;
				DEVELOPMENT_TEAM = 8MC3WYRL49;
				INFOPLIST_FILE = "OmGTUUITests_2 copy-Info.plist";
				LD_RUNPATH_SEARCH_PATHS = "$(inherited) @executable_path/Frameworks @loader_path/Frameworks";
				PRODUCT_BUNDLE_IDENTIFIER = Prolev.OmGTUUITests;
				PRODUCT_NAME = "$(TARGET_NAME)";
				SWIFT_VERSION = 4.0;
				TARGETED_DEVICE_FAMILY = "1,2";
				TEST_TARGET_NAME = OmGTU;
			};
			name = Debug;
		};
		D19E1FA12036E56800260AED /* Release */ = {
			isa = XCBuildConfiguration;
			buildSettings = {
				ALWAYS_EMBED_SWIFT_STANDARD_LIBRARIES = YES;
				CODE_SIGN_STYLE = Automatic;
				DEVELOPMENT_TEAM = 8MC3WYRL49;
				INFOPLIST_FILE = "OmGTUUITests_2 copy-Info.plist";
				LD_RUNPATH_SEARCH_PATHS = "$(inherited) @executable_path/Frameworks @loader_path/Frameworks";
				PRODUCT_BUNDLE_IDENTIFIER = Prolev.OmGTUUITests;
				PRODUCT_NAME = "$(TARGET_NAME)";
				SWIFT_VERSION = 4.0;
				TARGETED_DEVICE_FAMILY = "1,2";
				TEST_TARGET_NAME = OmGTU;
			};
			name = Release;
		};
		D1DDF3B12018604200E27D33 /* Debug */ = {
			isa = XCBuildConfiguration;
			buildSettings = {
				ALWAYS_SEARCH_USER_PATHS = NO;
				CLANG_ANALYZER_NONNULL = YES;
				CLANG_ANALYZER_NUMBER_OBJECT_CONVERSION = YES_AGGRESSIVE;
				CLANG_CXX_LANGUAGE_STANDARD = "gnu++14";
				CLANG_CXX_LIBRARY = "libc++";
				CLANG_ENABLE_MODULES = YES;
				CLANG_ENABLE_OBJC_ARC = YES;
				CLANG_WARN_BLOCK_CAPTURE_AUTORELEASING = YES;
				CLANG_WARN_BOOL_CONVERSION = YES;
				CLANG_WARN_COMMA = YES;
				CLANG_WARN_CONSTANT_CONVERSION = YES;
				CLANG_WARN_DIRECT_OBJC_ISA_USAGE = YES_ERROR;
				CLANG_WARN_DOCUMENTATION_COMMENTS = YES;
				CLANG_WARN_EMPTY_BODY = YES;
				CLANG_WARN_ENUM_CONVERSION = YES;
				CLANG_WARN_INFINITE_RECURSION = YES;
				CLANG_WARN_INT_CONVERSION = YES;
				CLANG_WARN_NON_LITERAL_NULL_CONVERSION = YES;
				CLANG_WARN_OBJC_LITERAL_CONVERSION = YES;
				CLANG_WARN_OBJC_ROOT_CLASS = YES_ERROR;
				CLANG_WARN_RANGE_LOOP_ANALYSIS = YES;
				CLANG_WARN_STRICT_PROTOTYPES = YES;
				CLANG_WARN_SUSPICIOUS_MOVE = YES;
				CLANG_WARN_UNGUARDED_AVAILABILITY = YES_AGGRESSIVE;
				CLANG_WARN_UNREACHABLE_CODE = YES;
				CLANG_WARN__DUPLICATE_METHOD_MATCH = YES;
				CODE_SIGN_IDENTITY = "iPhone Developer";
				COPY_PHASE_STRIP = NO;
				DEBUG_INFORMATION_FORMAT = dwarf;
				ENABLE_STRICT_OBJC_MSGSEND = YES;
				ENABLE_TESTABILITY = YES;
				GCC_C_LANGUAGE_STANDARD = gnu11;
				GCC_DYNAMIC_NO_PIC = NO;
				GCC_NO_COMMON_BLOCKS = YES;
				GCC_OPTIMIZATION_LEVEL = 0;
				GCC_PREPROCESSOR_DEFINITIONS = (
					"DEBUG=1",
					"$(inherited)",
				);
				GCC_WARN_64_TO_32_BIT_CONVERSION = YES;
				GCC_WARN_ABOUT_RETURN_TYPE = YES_ERROR;
				GCC_WARN_UNDECLARED_SELECTOR = YES;
				GCC_WARN_UNINITIALIZED_AUTOS = YES_AGGRESSIVE;
				GCC_WARN_UNUSED_FUNCTION = YES;
				GCC_WARN_UNUSED_VARIABLE = YES;
				IPHONEOS_DEPLOYMENT_TARGET = 10.0;
				MTL_ENABLE_DEBUG_INFO = YES;
				ONLY_ACTIVE_ARCH = YES;
				SDKROOT = iphoneos;
				SWIFT_ACTIVE_COMPILATION_CONDITIONS = DEBUG;
				SWIFT_OPTIMIZATION_LEVEL = "-Onone";
			};
			name = Debug;
		};
		D1DDF3B22018604200E27D33 /* Release */ = {
			isa = XCBuildConfiguration;
			buildSettings = {
				ALWAYS_SEARCH_USER_PATHS = NO;
				CLANG_ANALYZER_NONNULL = YES;
				CLANG_ANALYZER_NUMBER_OBJECT_CONVERSION = YES_AGGRESSIVE;
				CLANG_CXX_LANGUAGE_STANDARD = "gnu++14";
				CLANG_CXX_LIBRARY = "libc++";
				CLANG_ENABLE_MODULES = YES;
				CLANG_ENABLE_OBJC_ARC = YES;
				CLANG_WARN_BLOCK_CAPTURE_AUTORELEASING = YES;
				CLANG_WARN_BOOL_CONVERSION = YES;
				CLANG_WARN_COMMA = YES;
				CLANG_WARN_CONSTANT_CONVERSION = YES;
				CLANG_WARN_DIRECT_OBJC_ISA_USAGE = YES_ERROR;
				CLANG_WARN_DOCUMENTATION_COMMENTS = YES;
				CLANG_WARN_EMPTY_BODY = YES;
				CLANG_WARN_ENUM_CONVERSION = YES;
				CLANG_WARN_INFINITE_RECURSION = YES;
				CLANG_WARN_INT_CONVERSION = YES;
				CLANG_WARN_NON_LITERAL_NULL_CONVERSION = YES;
				CLANG_WARN_OBJC_LITERAL_CONVERSION = YES;
				CLANG_WARN_OBJC_ROOT_CLASS = YES_ERROR;
				CLANG_WARN_RANGE_LOOP_ANALYSIS = YES;
				CLANG_WARN_STRICT_PROTOTYPES = YES;
				CLANG_WARN_SUSPICIOUS_MOVE = YES;
				CLANG_WARN_UNGUARDED_AVAILABILITY = YES_AGGRESSIVE;
				CLANG_WARN_UNREACHABLE_CODE = YES;
				CLANG_WARN__DUPLICATE_METHOD_MATCH = YES;
				CODE_SIGN_IDENTITY = "iPhone Developer";
				COPY_PHASE_STRIP = NO;
				DEBUG_INFORMATION_FORMAT = "dwarf-with-dsym";
				ENABLE_NS_ASSERTIONS = NO;
				ENABLE_STRICT_OBJC_MSGSEND = YES;
				GCC_C_LANGUAGE_STANDARD = gnu11;
				GCC_NO_COMMON_BLOCKS = YES;
				GCC_WARN_64_TO_32_BIT_CONVERSION = YES;
				GCC_WARN_ABOUT_RETURN_TYPE = YES_ERROR;
				GCC_WARN_UNDECLARED_SELECTOR = YES;
				GCC_WARN_UNINITIALIZED_AUTOS = YES_AGGRESSIVE;
				GCC_WARN_UNUSED_FUNCTION = YES;
				GCC_WARN_UNUSED_VARIABLE = YES;
				IPHONEOS_DEPLOYMENT_TARGET = 10.0;
				MTL_ENABLE_DEBUG_INFO = NO;
				SDKROOT = iphoneos;
				SWIFT_OPTIMIZATION_LEVEL = "-Owholemodule";
				VALIDATE_PRODUCT = YES;
			};
			name = Release;
		};
		D1DDF3B42018604200E27D33 /* Debug */ = {
			isa = XCBuildConfiguration;
			buildSettings = {
				ASSETCATALOG_COMPILER_APPICON_NAME = AppIcon;
				CODE_SIGN_STYLE = Automatic;
				DEVELOPMENT_TEAM = 8MC3WYRL49;
				INFOPLIST_FILE = OmGTU/Info.plist;
				IPHONEOS_DEPLOYMENT_TARGET = 10.0;
				LD_RUNPATH_SEARCH_PATHS = "$(inherited) @executable_path/Frameworks";
				PRODUCT_BUNDLE_IDENTIFIER = ru.prolev.omgtu;
				PRODUCT_NAME = "$(TARGET_NAME)";
				SWIFT_OBJC_BRIDGING_HEADER = "OmGTU/Objc-Bridge-Header.h";
				SWIFT_VERSION = 4.0;
				TARGETED_DEVICE_FAMILY = "1,2";
			};
			name = Debug;
		};
		D1DDF3B52018604200E27D33 /* Release */ = {
			isa = XCBuildConfiguration;
			buildSettings = {
				ASSETCATALOG_COMPILER_APPICON_NAME = AppIcon;
				CODE_SIGN_STYLE = Automatic;
				DEVELOPMENT_TEAM = 8MC3WYRL49;
				INFOPLIST_FILE = OmGTU/Info.plist;
				IPHONEOS_DEPLOYMENT_TARGET = 10.0;
				LD_RUNPATH_SEARCH_PATHS = "$(inherited) @executable_path/Frameworks";
				PRODUCT_BUNDLE_IDENTIFIER = ru.prolev.omgtu;
				PRODUCT_NAME = "$(TARGET_NAME)";
				SWIFT_OBJC_BRIDGING_HEADER = "OmGTU/Objc-Bridge-Header.h";
				SWIFT_VERSION = 4.0;
				TARGETED_DEVICE_FAMILY = "1,2";
			};
			name = Release;
		};
		D1DDF3B72018604200E27D33 /* Debug */ = {
			isa = XCBuildConfiguration;
			buildSettings = {
				ALWAYS_EMBED_SWIFT_STANDARD_LIBRARIES = YES;
				BUNDLE_LOADER = "$(TEST_HOST)";
				CODE_SIGN_STYLE = Automatic;
				DEVELOPMENT_TEAM = 8MC3WYRL49;
				INFOPLIST_FILE = OmGTUTests/Info.plist;
				LD_RUNPATH_SEARCH_PATHS = "$(inherited) @executable_path/Frameworks @loader_path/Frameworks";
				PRODUCT_BUNDLE_IDENTIFIER = Prolev.OmGTUTests;
				PRODUCT_NAME = "$(TARGET_NAME)";
				SWIFT_VERSION = 4.0;
				TARGETED_DEVICE_FAMILY = "1,2";
				TEST_HOST = "$(BUILT_PRODUCTS_DIR)/OmGTU.app/OmGTU";
			};
			name = Debug;
		};
		D1DDF3B82018604200E27D33 /* Release */ = {
			isa = XCBuildConfiguration;
			buildSettings = {
				ALWAYS_EMBED_SWIFT_STANDARD_LIBRARIES = YES;
				BUNDLE_LOADER = "$(TEST_HOST)";
				CODE_SIGN_STYLE = Automatic;
				DEVELOPMENT_TEAM = 8MC3WYRL49;
				INFOPLIST_FILE = OmGTUTests/Info.plist;
				LD_RUNPATH_SEARCH_PATHS = "$(inherited) @executable_path/Frameworks @loader_path/Frameworks";
				PRODUCT_BUNDLE_IDENTIFIER = Prolev.OmGTUTests;
				PRODUCT_NAME = "$(TARGET_NAME)";
				SWIFT_VERSION = 4.0;
				TARGETED_DEVICE_FAMILY = "1,2";
				TEST_HOST = "$(BUILT_PRODUCTS_DIR)/OmGTU.app/OmGTU";
			};
			name = Release;
		};
		D1DDF3BA2018604200E27D33 /* Debug */ = {
			isa = XCBuildConfiguration;
			buildSettings = {
				ALWAYS_EMBED_SWIFT_STANDARD_LIBRARIES = YES;
				CODE_SIGN_STYLE = Automatic;
				DEVELOPMENT_TEAM = 8MC3WYRL49;
				INFOPLIST_FILE = OmGTUUITests/Info.plist;
				LD_RUNPATH_SEARCH_PATHS = "$(inherited) @executable_path/Frameworks @loader_path/Frameworks";
				PRODUCT_BUNDLE_IDENTIFIER = Prolev.OmGTUUITests;
				PRODUCT_NAME = "$(TARGET_NAME)";
				SWIFT_VERSION = 4.0;
				TARGETED_DEVICE_FAMILY = "1,2";
				TEST_TARGET_NAME = OmGTU;
			};
			name = Debug;
		};
		D1DDF3BB2018604200E27D33 /* Release */ = {
			isa = XCBuildConfiguration;
			buildSettings = {
				ALWAYS_EMBED_SWIFT_STANDARD_LIBRARIES = YES;
				CODE_SIGN_STYLE = Automatic;
				DEVELOPMENT_TEAM = 8MC3WYRL49;
				INFOPLIST_FILE = OmGTUUITests/Info.plist;
				LD_RUNPATH_SEARCH_PATHS = "$(inherited) @executable_path/Frameworks @loader_path/Frameworks";
				PRODUCT_BUNDLE_IDENTIFIER = Prolev.OmGTUUITests;
				PRODUCT_NAME = "$(TARGET_NAME)";
				SWIFT_VERSION = 4.0;
				TARGETED_DEVICE_FAMILY = "1,2";
				TEST_TARGET_NAME = OmGTU;
			};
			name = Release;
		};
/* End XCBuildConfiguration section */

/* Begin XCConfigurationList section */
		D19E1F932036E55900260AED /* Build configuration list for PBXNativeTarget "OmGTUUITests_2" */ = {
			isa = XCConfigurationList;
			buildConfigurations = (
				D19E1F942036E55900260AED /* Debug */,
				D19E1F952036E55900260AED /* Release */,
			);
			defaultConfigurationIsVisible = 0;
			defaultConfigurationName = Release;
		};
		D19E1F9F2036E56800260AED /* Build configuration list for PBXNativeTarget "OmGTUUITests_3" */ = {
			isa = XCConfigurationList;
			buildConfigurations = (
				D19E1FA02036E56800260AED /* Debug */,
				D19E1FA12036E56800260AED /* Release */,
			);
			defaultConfigurationIsVisible = 0;
			defaultConfigurationName = Release;
		};
		D1DDF3832018604200E27D33 /* Build configuration list for PBXProject "OmGTU" */ = {
			isa = XCConfigurationList;
			buildConfigurations = (
				D1DDF3B12018604200E27D33 /* Debug */,
				D1DDF3B22018604200E27D33 /* Release */,
			);
			defaultConfigurationIsVisible = 0;
			defaultConfigurationName = Release;
		};
		D1DDF3B32018604200E27D33 /* Build configuration list for PBXNativeTarget "OmGTU" */ = {
			isa = XCConfigurationList;
			buildConfigurations = (
				D1DDF3B42018604200E27D33 /* Debug */,
				D1DDF3B52018604200E27D33 /* Release */,
			);
			defaultConfigurationIsVisible = 0;
			defaultConfigurationName = Release;
		};
		D1DDF3B62018604200E27D33 /* Build configuration list for PBXNativeTarget "OmGTUTests" */ = {
			isa = XCConfigurationList;
			buildConfigurations = (
				D1DDF3B72018604200E27D33 /* Debug */,
				D1DDF3B82018604200E27D33 /* Release */,
			);
			defaultConfigurationIsVisible = 0;
			defaultConfigurationName = Release;
		};
		D1DDF3B92018604200E27D33 /* Build configuration list for PBXNativeTarget "OmGTUUITests_1" */ = {
			isa = XCConfigurationList;
			buildConfigurations = (
				D1DDF3BA2018604200E27D33 /* Debug */,
				D1DDF3BB2018604200E27D33 /* Release */,
			);
			defaultConfigurationIsVisible = 0;
			defaultConfigurationName = Release;
		};
/* End XCConfigurationList section */

/* Begin XCVersionGroup section */
		D1DDF3922018604200E27D33 /* OmGTU.xcdatamodeld */ = {
			isa = XCVersionGroup;
			children = (
				D1DDF3932018604200E27D33 /* OmGTU.xcdatamodel */,
			);
			currentVersion = D1DDF3932018604200E27D33 /* OmGTU.xcdatamodel */;
			path = OmGTU.xcdatamodeld;
			sourceTree = "<group>";
			versionGroupType = wrapper.xcdatamodel;
		};
/* End XCVersionGroup section */
	};
	rootObject = D1DDF3802018604200E27D33 /* Project object */;
}
